{
  "nodes": {
    "nixpkgs": {
      "locked": {
        "lastModified": 1646754130,
        "narHash": "sha256-C+QzrQqcNbKm3GUo9oJXSYaUqUuxEnsCrYhC5e0FENU=",
        "owner": "NixOS",
        "repo": "nixpkgs",
        "rev": "a0852c0af556190e60f8ed13d703b3500463cb1f",
        "type": "github"
      },
      "original": {
        "owner": "NixOS",
        "ref": "release-21.11",
        "repo": "nixpkgs",
        "type": "github"
      }
    },
    "root": {
      "inputs": {
        "nixpkgs": "nixpkgs"
      }
    }
  },
  "root": "root",
  "version": 7
}
